
Microsoft Visual Studio Solution File, Format Version 12.00
# Visual Studio 2013
VisualStudioVersion = 12.0.31101.0
MinimumVisualStudioVersion = 10.0.40219.1
Project("{FAE04EC0-301F-11D3-BF4B-00C04F79EFBC}") = "Exile Launcher", "Exile Launcher\Exile Launcher.csproj", "{D9E1FCBA-0058-47E3-88CD-A5210D76FD82}"
EndProject
Project("{FAE04EC0-301F-11D3-BF4B-00C04F79EFBC}") = "Launcher.Controller", "Launcher.Controller\Launcher.Controller.csproj", "{BC53D160-5D0F-44B8-93F2-307F629256AF}"
EndProject
Global
	GlobalSection(SolutionConfigurationPlatforms) = preSolution
		Debug|Any CPU = Debug|Any CPU
		Release|Any CPU = Release|Any CPU
	EndGlobalSection
	GlobalSection(ProjectConfigurationPlatforms) = postSolution
		{D9E1FCBA-0058-47E3-88CD-A5210D76FD82}.Debug|Any CPU.ActiveCfg = Debug|Any CPU
		{D9E1FCBA-0058-47E3-88CD-A5210D76FD82}.Debug|Any CPU.Build.0 = Debug|Any CPU
		{D9E1FCBA-0058-47E3-88CD-A5210D76FD82}.Release|Any CPU.ActiveCfg = Release|Any CPU
		{D9E1FCBA-0058-47E3-88CD-A5210D76FD82}.Release|Any CPU.Build.0 = Release|Any CPU
		{BC53D160-5D0F-44B8-93F2-307F629256AF}.Debug|Any CPU.ActiveCfg = Debug|Any CPU
		{BC53D160-5D0F-44B8-93F2-307F629256AF}.Debug|Any CPU.Build.0 = Debug|Any CPU
		{BC53D160-5D0F-44B8-93F2-307F629256AF}.Release|Any CPU.ActiveCfg = Release|Any CPU
		{BC53D160-5D0F-44B8-93F2-307F629256AF}.Release|Any CPU.Build.0 = Release|Any CPU
	EndGlobalSection
	GlobalSection(SolutionProperties) = preSolution
		HideSolutionNode = FALSE
	EndGlobalSection
EndGlobal
